
Microsoft Visual Studio Solution File, Format Version 12.00
# Visual Studio Version 17
VisualStudioVersion = 17.7.34031.279
MinimumVisualStudioVersion = 10.0.40219.1
Project("{FAE04EC0-301F-11D3-BF4B-00C04F79EFBC}") = "ProjectHTU", "ProjectHTU\ProjectHTU.csproj", "{D2FC0479-1EC0-4075-B87A-4F075B947AEB}"
EndProject
Global
	GlobalSection(SolutionConfigurationPlatforms) = preSolution
		Debug|Any CPU = Debug|Any CPU
		Release|Any CPU = Release|Any CPU
	EndGlobalSection
	GlobalSection(ProjectConfigurationPlatforms) = postSolution
		{D2FC0479-1EC0-4075-B87A-4F075B947AEB}.Debug|Any CPU.ActiveCfg = Debug|Any CPU
		{D2FC0479-1EC0-4075-B87A-4F075B947AEB}.Debug|Any CPU.Build.0 = Debug|Any CPU
		{D2FC0479-1EC0-4075-B87A-4F075B947AEB}.Release|Any CPU.ActiveCfg = Release|Any CPU
		{D2FC0479-1EC0-4075-B87A-4F075B947AEB}.Release|Any CPU.Build.0 = Release|Any CPU
	EndGlobalSection
	GlobalSection(SolutionProperties) = preSolution
		HideSolutionNode = FALSE
	EndGlobalSection
	GlobalSection(ExtensibilityGlobals) = postSolution
		SolutionGuid = {3402AEB0-8C45-4C72-A368-8C7CB8251A08}
	EndGlobalSection
EndGlobal
